
Microsoft Visual Studio Solution File, Format Version 12.00
# Visual Studio Version 17
VisualStudioVersion = 17.12.35506.116
MinimumVisualStudioVersion = 10.0.40219.1
Project("{FAE04EC0-301F-11D3-BF4B-00C04F79EFBC}") = "BombMan", "BombMan\BombMan.csproj", "{0A6EFC19-1E28-47C5-BDBA-DE448AFE18CA}"
EndProject
Project("{FAE04EC0-301F-11D3-BF4B-00C04F79EFBC}") = "BombManDesktopApp", "BombManDesktopApp\BombManDesktopApp.csproj", "{EFBC545A-D671-432D-A9EA-B3DA28A44CDD}"
EndProject
Project("{FAE04EC0-301F-11D3-BF4B-00C04F79EFBC}") = "BombManAndroid", "BombManAndroid\BombManAndroid.csproj", "{2B3784E0-E00F-499A-8273-8CD39E19A334}"
EndProject
Project("{54435603-DBB4-11D2-8724-00A0C9A8B90C}") = "BomManGameInstaller2", "BomManGameInstaller2\BomManGameInstaller2.vdproj", "{7CE7A2FA-F0EB-4D85-BC9E-DD889F1A2723}"
EndProject
Global
	GlobalSection(SolutionConfigurationPlatforms) = preSolution
		Debug|Any CPU = Debug|Any CPU
		Release|Any CPU = Release|Any CPU
	EndGlobalSection
	GlobalSection(ProjectConfigurationPlatforms) = postSolution
		{0A6EFC19-1E28-47C5-BDBA-DE448AFE18CA}.Debug|Any CPU.ActiveCfg = Debug|Any CPU
		{0A6EFC19-1E28-47C5-BDBA-DE448AFE18CA}.Debug|Any CPU.Build.0 = Debug|Any CPU
		{0A6EFC19-1E28-47C5-BDBA-DE448AFE18CA}.Release|Any CPU.ActiveCfg = Release|Any CPU
		{0A6EFC19-1E28-47C5-BDBA-DE448AFE18CA}.Release|Any CPU.Build.0 = Release|Any CPU
		{EFBC545A-D671-432D-A9EA-B3DA28A44CDD}.Debug|Any CPU.ActiveCfg = Debug|Any CPU
		{EFBC545A-D671-432D-A9EA-B3DA28A44CDD}.Debug|Any CPU.Build.0 = Debug|Any CPU
		{EFBC545A-D671-432D-A9EA-B3DA28A44CDD}.Release|Any CPU.ActiveCfg = Release|Any CPU
		{EFBC545A-D671-432D-A9EA-B3DA28A44CDD}.Release|Any CPU.Build.0 = Release|Any CPU
		{2B3784E0-E00F-499A-8273-8CD39E19A334}.Debug|Any CPU.ActiveCfg = Debug|Any CPU
		{2B3784E0-E00F-499A-8273-8CD39E19A334}.Debug|Any CPU.Build.0 = Debug|Any CPU
		{2B3784E0-E00F-499A-8273-8CD39E19A334}.Debug|Any CPU.Deploy.0 = Debug|Any CPU
		{2B3784E0-E00F-499A-8273-8CD39E19A334}.Release|Any CPU.ActiveCfg = Release|Any CPU
		{2B3784E0-E00F-499A-8273-8CD39E19A334}.Release|Any CPU.Build.0 = Release|Any CPU
		{2B3784E0-E00F-499A-8273-8CD39E19A334}.Release|Any CPU.Deploy.0 = Release|Any CPU
		{7CE7A2FA-F0EB-4D85-BC9E-DD889F1A2723}.Debug|Any CPU.ActiveCfg = Debug
		{7CE7A2FA-F0EB-4D85-BC9E-DD889F1A2723}.Debug|Any CPU.Build.0 = Debug
		{7CE7A2FA-F0EB-4D85-BC9E-DD889F1A2723}.Release|Any CPU.ActiveCfg = Release
		{7CE7A2FA-F0EB-4D85-BC9E-DD889F1A2723}.Release|Any CPU.Build.0 = Release
	EndGlobalSection
	GlobalSection(SolutionProperties) = preSolution
		HideSolutionNode = FALSE
	EndGlobalSection
EndGlobal
